
Microsoft Visual Studio Solution File, Format Version 12.00
# Visual Studio Version 17
VisualStudioVersion = 17.9.34622.214
MinimumVisualStudioVersion = 10.0.40219.1
Project("{9A19103F-16F7-4668-BE54-9A1E7A4F7556}") = "LabAutomata", "LabAutomata\LabAutomata.csproj", "{72364EFF-D8C0-487E-830F-8A9934CF80B0}"
EndProject
Project("{9A19103F-16F7-4668-BE54-9A1E7A4F7556}") = "LabAutomata.Db", "LabaAutomata.Db\LabAutomata.Db.csproj", "{D543667B-18CC-4ABF-8106-A00FE3D796DC}"
EndProject
Project("{9A19103F-16F7-4668-BE54-9A1E7A4F7556}") = "LabAutomata.Library", "LabAutomata.Library\LabAutomata.Library.csproj", "{A2654B1E-033C-4B9B-AF4F-CF4ADB882B6B}"
EndProject
Project("{9A19103F-16F7-4668-BE54-9A1E7A4F7556}") = "LabAutomata.Tests.Unit", "LabAutomata.Tests.Unit\LabAutomata.Tests.Unit.csproj", "{60868319-F885-4D6D-AFC8-DC39A98AAC9B}"
EndProject
Project("{9A19103F-16F7-4668-BE54-9A1E7A4F7556}") = "LabAutomata.Wpf.Library", "LabAutomata.Wpf.Library\LabAutomata.Wpf.Library.csproj", "{C0714D3E-F18F-435E-B682-5DFEB00E5168}"
EndProject
Project("{9A19103F-16F7-4668-BE54-9A1E7A4F7556}") = "LabAutomata.Wpf.Tests.Unit", "LabAutomata.Wpf.Tests.Unit\LabAutomata.Wpf.Tests.Unit.csproj", "{9C7A2E31-4781-4A5B-8FB7-8E32175B0DD6}"
EndProject
Project("{C7167F0D-BC9F-4E6E-AFE1-012C56B48DB5}") = "LabAutomota.Wap", "LabAutomota.Wap\LabAutomota.Wap.wapproj", "{09AF5053-3696-41F0-A37F-53083F56F3A6}"
EndProject
Project("{FAE04EC0-301F-11D3-BF4B-00C04F79EFBC}") = "LabAutomata.Db.Tests.Unit", "LabAutomata.Db.Tests.Unit\LabAutomata.Db.Tests.Unit.csproj", "{9D41119B-FD56-49BB-B895-EE0885784A47}"
EndProject
Global
	GlobalSection(SolutionConfigurationPlatforms) = preSolution
		Debug|Any CPU = Debug|Any CPU
		Debug|ARM = Debug|ARM
		Debug|ARM64 = Debug|ARM64
		Debug|x64 = Debug|x64
		Debug|x86 = Debug|x86
		Release|Any CPU = Release|Any CPU
		Release|ARM = Release|ARM
		Release|ARM64 = Release|ARM64
		Release|x64 = Release|x64
		Release|x86 = Release|x86
	EndGlobalSection
	GlobalSection(ProjectConfigurationPlatforms) = postSolution
		{72364EFF-D8C0-487E-830F-8A9934CF80B0}.Debug|Any CPU.ActiveCfg = Debug|Any CPU
		{72364EFF-D8C0-487E-830F-8A9934CF80B0}.Debug|Any CPU.Build.0 = Debug|Any CPU
		{72364EFF-D8C0-487E-830F-8A9934CF80B0}.Debug|ARM.ActiveCfg = Debug|Any CPU
		{72364EFF-D8C0-487E-830F-8A9934CF80B0}.Debug|ARM.Build.0 = Debug|Any CPU
		{72364EFF-D8C0-487E-830F-8A9934CF80B0}.Debug|ARM64.ActiveCfg = Debug|Any CPU
		{72364EFF-D8C0-487E-830F-8A9934CF80B0}.Debug|ARM64.Build.0 = Debug|Any CPU
		{72364EFF-D8C0-487E-830F-8A9934CF80B0}.Debug|x64.ActiveCfg = Debug|Any CPU
		{72364EFF-D8C0-487E-830F-8A9934CF80B0}.Debug|x64.Build.0 = Debug|Any CPU
		{72364EFF-D8C0-487E-830F-8A9934CF80B0}.Debug|x86.ActiveCfg = Debug|Any CPU
		{72364EFF-D8C0-487E-830F-8A9934CF80B0}.Debug|x86.Build.0 = Debug|Any CPU
		{72364EFF-D8C0-487E-830F-8A9934CF80B0}.Release|Any CPU.ActiveCfg = Release|x64
		{72364EFF-D8C0-487E-830F-8A9934CF80B0}.Release|Any CPU.Build.0 = Release|x64
		{72364EFF-D8C0-487E-830F-8A9934CF80B0}.Release|ARM.ActiveCfg = Release|Any CPU
		{72364EFF-D8C0-487E-830F-8A9934CF80B0}.Release|ARM.Build.0 = Release|Any CPU
		{72364EFF-D8C0-487E-830F-8A9934CF80B0}.Release|ARM64.ActiveCfg = Release|Any CPU
		{72364EFF-D8C0-487E-830F-8A9934CF80B0}.Release|ARM64.Build.0 = Release|Any CPU
		{72364EFF-D8C0-487E-830F-8A9934CF80B0}.Release|x64.ActiveCfg = Release|Any CPU
		{72364EFF-D8C0-487E-830F-8A9934CF80B0}.Release|x64.Build.0 = Release|Any CPU
		{72364EFF-D8C0-487E-830F-8A9934CF80B0}.Release|x86.ActiveCfg = Release|Any CPU
		{72364EFF-D8C0-487E-830F-8A9934CF80B0}.Release|x86.Build.0 = Release|Any CPU
		{D543667B-18CC-4ABF-8106-A00FE3D796DC}.Debug|Any CPU.ActiveCfg = Debug|x64
		{D543667B-18CC-4ABF-8106-A00FE3D796DC}.Debug|Any CPU.Build.0 = Debug|x64
		{D543667B-18CC-4ABF-8106-A00FE3D796DC}.Debug|ARM.ActiveCfg = Debug|Any CPU
		{D543667B-18CC-4ABF-8106-A00FE3D796DC}.Debug|ARM.Build.0 = Debug|Any CPU
		{D543667B-18CC-4ABF-8106-A00FE3D796DC}.Debug|ARM64.ActiveCfg = Debug|Any CPU
		{D543667B-18CC-4ABF-8106-A00FE3D796DC}.Debug|ARM64.Build.0 = Debug|Any CPU
		{D543667B-18CC-4ABF-8106-A00FE3D796DC}.Debug|x64.ActiveCfg = Debug|Any CPU
		{D543667B-18CC-4ABF-8106-A00FE3D796DC}.Debug|x64.Build.0 = Debug|Any CPU
		{D543667B-18CC-4ABF-8106-A00FE3D796DC}.Debug|x86.ActiveCfg = Debug|Any CPU
		{D543667B-18CC-4ABF-8106-A00FE3D796DC}.Debug|x86.Build.0 = Debug|Any CPU
		{D543667B-18CC-4ABF-8106-A00FE3D796DC}.Release|Any CPU.ActiveCfg = Release|x64
		{D543667B-18CC-4ABF-8106-A00FE3D796DC}.Release|Any CPU.Build.0 = Release|x64
		{D543667B-18CC-4ABF-8106-A00FE3D796DC}.Release|ARM.ActiveCfg = Release|Any CPU
		{D543667B-18CC-4ABF-8106-A00FE3D796DC}.Release|ARM.Build.0 = Release|Any CPU
		{D543667B-18CC-4ABF-8106-A00FE3D796DC}.Release|ARM64.ActiveCfg = Release|Any CPU
		{D543667B-18CC-4ABF-8106-A00FE3D796DC}.Release|ARM64.Build.0 = Release|Any CPU
		{D543667B-18CC-4ABF-8106-A00FE3D796DC}.Release|x64.ActiveCfg = Release|Any CPU
		{D543667B-18CC-4ABF-8106-A00FE3D796DC}.Release|x64.Build.0 = Release|Any CPU
		{D543667B-18CC-4ABF-8106-A00FE3D796DC}.Release|x86.ActiveCfg = Release|Any CPU
		{D543667B-18CC-4ABF-8106-A00FE3D796DC}.Release|x86.Build.0 = Release|Any CPU
		{A2654B1E-033C-4B9B-AF4F-CF4ADB882B6B}.Debug|Any CPU.ActiveCfg = Debug|x64
		{A2654B1E-033C-4B9B-AF4F-CF4ADB882B6B}.Debug|Any CPU.Build.0 = Debug|x64
		{A2654B1E-033C-4B9B-AF4F-CF4ADB882B6B}.Debug|ARM.ActiveCfg = Debug|Any CPU
		{A2654B1E-033C-4B9B-AF4F-CF4ADB882B6B}.Debug|ARM.Build.0 = Debug|Any CPU
		{A2654B1E-033C-4B9B-AF4F-CF4ADB882B6B}.Debug|ARM64.ActiveCfg = Debug|Any CPU
		{A2654B1E-033C-4B9B-AF4F-CF4ADB882B6B}.Debug|ARM64.Build.0 = Debug|Any CPU
		{A2654B1E-033C-4B9B-AF4F-CF4ADB882B6B}.Debug|x64.ActiveCfg = Debug|Any CPU
		{A2654B1E-033C-4B9B-AF4F-CF4ADB882B6B}.Debug|x64.Build.0 = Debug|Any CPU
		{A2654B1E-033C-4B9B-AF4F-CF4ADB882B6B}.Debug|x86.ActiveCfg = Debug|Any CPU
		{A2654B1E-033C-4B9B-AF4F-CF4ADB882B6B}.Debug|x86.Build.0 = Debug|Any CPU
		{A2654B1E-033C-4B9B-AF4F-CF4ADB882B6B}.Release|Any CPU.ActiveCfg = Release|x64
		{A2654B1E-033C-4B9B-AF4F-CF4ADB882B6B}.Release|Any CPU.Build.0 = Release|x64
		{A2654B1E-033C-4B9B-AF4F-CF4ADB882B6B}.Release|ARM.ActiveCfg = Release|Any CPU
		{A2654B1E-033C-4B9B-AF4F-CF4ADB882B6B}.Release|ARM.Build.0 = Release|Any CPU
		{A2654B1E-033C-4B9B-AF4F-CF4ADB882B6B}.Release|ARM64.ActiveCfg = Release|Any CPU
		{A2654B1E-033C-4B9B-AF4F-CF4ADB882B6B}.Release|ARM64.Build.0 = Release|Any CPU
		{A2654B1E-033C-4B9B-AF4F-CF4ADB882B6B}.Release|x64.ActiveCfg = Release|Any CPU
		{A2654B1E-033C-4B9B-AF4F-CF4ADB882B6B}.Release|x64.Build.0 = Release|Any CPU
		{A2654B1E-033C-4B9B-AF4F-CF4ADB882B6B}.Release|x86.ActiveCfg = Release|Any CPU
		{A2654B1E-033C-4B9B-AF4F-CF4ADB882B6B}.Release|x86.Build.0 = Release|Any CPU
		{60868319-F885-4D6D-AFC8-DC39A98AAC9B}.Debug|Any CPU.ActiveCfg = Debug|x64
		{60868319-F885-4D6D-AFC8-DC39A98AAC9B}.Debug|Any CPU.Build.0 = Debug|x64
		{60868319-F885-4D6D-AFC8-DC39A98AAC9B}.Debug|ARM.ActiveCfg = Debug|Any CPU
		{60868319-F885-4D6D-AFC8-DC39A98AAC9B}.Debug|ARM.Build.0 = Debug|Any CPU
		{60868319-F885-4D6D-AFC8-DC39A98AAC9B}.Debug|ARM64.ActiveCfg = Debug|Any CPU
		{60868319-F885-4D6D-AFC8-DC39A98AAC9B}.Debug|ARM64.Build.0 = Debug|Any CPU
		{60868319-F885-4D6D-AFC8-DC39A98AAC9B}.Debug|x64.ActiveCfg = Debug|Any CPU
		{60868319-F885-4D6D-AFC8-DC39A98AAC9B}.Debug|x64.Build.0 = Debug|Any CPU
		{60868319-F885-4D6D-AFC8-DC39A98AAC9B}.Debug|x86.ActiveCfg = Debug|Any CPU
		{60868319-F885-4D6D-AFC8-DC39A98AAC9B}.Debug|x86.Build.0 = Debug|Any CPU
		{60868319-F885-4D6D-AFC8-DC39A98AAC9B}.Release|Any CPU.ActiveCfg = Release|x64
		{60868319-F885-4D6D-AFC8-DC39A98AAC9B}.Release|Any CPU.Build.0 = Release|x64
		{60868319-F885-4D6D-AFC8-DC39A98AAC9B}.Release|ARM.ActiveCfg = Release|Any CPU
		{60868319-F885-4D6D-AFC8-DC39A98AAC9B}.Release|ARM.Build.0 = Release|Any CPU
		{60868319-F885-4D6D-AFC8-DC39A98AAC9B}.Release|ARM64.ActiveCfg = Release|Any CPU
		{60868319-F885-4D6D-AFC8-DC39A98AAC9B}.Release|ARM64.Build.0 = Release|Any CPU
		{60868319-F885-4D6D-AFC8-DC39A98AAC9B}.Release|x64.ActiveCfg = Release|Any CPU
		{60868319-F885-4D6D-AFC8-DC39A98AAC9B}.Release|x64.Build.0 = Release|Any CPU
		{60868319-F885-4D6D-AFC8-DC39A98AAC9B}.Release|x86.ActiveCfg = Release|Any CPU
		{60868319-F885-4D6D-AFC8-DC39A98AAC9B}.Release|x86.Build.0 = Release|Any CPU
		{C0714D3E-F18F-435E-B682-5DFEB00E5168}.Debug|Any CPU.ActiveCfg = Debug|x64
		{C0714D3E-F18F-435E-B682-5DFEB00E5168}.Debug|Any CPU.Build.0 = Debug|x64
		{C0714D3E-F18F-435E-B682-5DFEB00E5168}.Debug|ARM.ActiveCfg = Debug|Any CPU
		{C0714D3E-F18F-435E-B682-5DFEB00E5168}.Debug|ARM.Build.0 = Debug|Any CPU
		{C0714D3E-F18F-435E-B682-5DFEB00E5168}.Debug|ARM64.ActiveCfg = Debug|Any CPU
		{C0714D3E-F18F-435E-B682-5DFEB00E5168}.Debug|ARM64.Build.0 = Debug|Any CPU
		{C0714D3E-F18F-435E-B682-5DFEB00E5168}.Debug|x64.ActiveCfg = Debug|Any CPU
		{C0714D3E-F18F-435E-B682-5DFEB00E5168}.Debug|x64.Build.0 = Debug|Any CPU
		{C0714D3E-F18F-435E-B682-5DFEB00E5168}.Debug|x86.ActiveCfg = Debug|Any CPU
		{C0714D3E-F18F-435E-B682-5DFEB00E5168}.Debug|x86.Build.0 = Debug|Any CPU
		{C0714D3E-F18F-435E-B682-5DFEB00E5168}.Release|Any CPU.ActiveCfg = Release|x64
		{C0714D3E-F18F-435E-B682-5DFEB00E5168}.Release|Any CPU.Build.0 = Release|x64
		{C0714D3E-F18F-435E-B682-5DFEB00E5168}.Release|ARM.ActiveCfg = Release|Any CPU
		{C0714D3E-F18F-435E-B682-5DFEB00E5168}.Release|ARM.Build.0 = Release|Any CPU
		{C0714D3E-F18F-435E-B682-5DFEB00E5168}.Release|ARM64.ActiveCfg = Release|Any CPU
		{C0714D3E-F18F-435E-B682-5DFEB00E5168}.Release|ARM64.Build.0 = Release|Any CPU
		{C0714D3E-F18F-435E-B682-5DFEB00E5168}.Release|x64.ActiveCfg = Release|Any CPU
		{C0714D3E-F18F-435E-B682-5DFEB00E5168}.Release|x64.Build.0 = Release|Any CPU
		{C0714D3E-F18F-435E-B682-5DFEB00E5168}.Release|x86.ActiveCfg = Release|Any CPU
		{C0714D3E-F18F-435E-B682-5DFEB00E5168}.Release|x86.Build.0 = Release|Any CPU
		{9C7A2E31-4781-4A5B-8FB7-8E32175B0DD6}.Debug|Any CPU.ActiveCfg = Debug|x64
		{9C7A2E31-4781-4A5B-8FB7-8E32175B0DD6}.Debug|Any CPU.Build.0 = Debug|x64
		{9C7A2E31-4781-4A5B-8FB7-8E32175B0DD6}.Debug|ARM.ActiveCfg = Debug|Any CPU
		{9C7A2E31-4781-4A5B-8FB7-8E32175B0DD6}.Debug|ARM.Build.0 = Debug|Any CPU
		{9C7A2E31-4781-4A5B-8FB7-8E32175B0DD6}.Debug|ARM64.ActiveCfg = Debug|Any CPU
		{9C7A2E31-4781-4A5B-8FB7-8E32175B0DD6}.Debug|ARM64.Build.0 = Debug|Any CPU
		{9C7A2E31-4781-4A5B-8FB7-8E32175B0DD6}.Debug|x64.ActiveCfg = Debug|Any CPU
		{9C7A2E31-4781-4A5B-8FB7-8E32175B0DD6}.Debug|x64.Build.0 = Debug|Any CPU
		{9C7A2E31-4781-4A5B-8FB7-8E32175B0DD6}.Debug|x86.ActiveCfg = Debug|Any CPU
		{9C7A2E31-4781-4A5B-8FB7-8E32175B0DD6}.Debug|x86.Build.0 = Debug|Any CPU
		{9C7A2E31-4781-4A5B-8FB7-8E32175B0DD6}.Release|Any CPU.ActiveCfg = Release|x64
		{9C7A2E31-4781-4A5B-8FB7-8E32175B0DD6}.Release|Any CPU.Build.0 = Release|x64
		{9C7A2E31-4781-4A5B-8FB7-8E32175B0DD6}.Release|ARM.ActiveCfg = Release|Any CPU
		{9C7A2E31-4781-4A5B-8FB7-8E32175B0DD6}.Release|ARM.Build.0 = Release|Any CPU
		{9C7A2E31-4781-4A5B-8FB7-8E32175B0DD6}.Release|ARM64.ActiveCfg = Release|Any CPU
		{9C7A2E31-4781-4A5B-8FB7-8E32175B0DD6}.Release|ARM64.Build.0 = Release|Any CPU
		{9C7A2E31-4781-4A5B-8FB7-8E32175B0DD6}.Release|x64.ActiveCfg = Release|Any CPU
		{9C7A2E31-4781-4A5B-8FB7-8E32175B0DD6}.Release|x64.Build.0 = Release|Any CPU
		{9C7A2E31-4781-4A5B-8FB7-8E32175B0DD6}.Release|x86.ActiveCfg = Release|Any CPU
		{9C7A2E31-4781-4A5B-8FB7-8E32175B0DD6}.Release|x86.Build.0 = Release|Any CPU
		{09AF5053-3696-41F0-A37F-53083F56F3A6}.Debug|Any CPU.ActiveCfg = Debug|x64
		{09AF5053-3696-41F0-A37F-53083F56F3A6}.Debug|Any CPU.Build.0 = Debug|x64
		{09AF5053-3696-41F0-A37F-53083F56F3A6}.Debug|Any CPU.Deploy.0 = Debug|x64
		{09AF5053-3696-41F0-A37F-53083F56F3A6}.Debug|ARM.ActiveCfg = Debug|ARM
		{09AF5053-3696-41F0-A37F-53083F56F3A6}.Debug|ARM.Build.0 = Debug|ARM
		{09AF5053-3696-41F0-A37F-53083F56F3A6}.Debug|ARM.Deploy.0 = Debug|ARM
		{09AF5053-3696-41F0-A37F-53083F56F3A6}.Debug|ARM64.ActiveCfg = Debug|ARM64
		{09AF5053-3696-41F0-A37F-53083F56F3A6}.Debug|ARM64.Build.0 = Debug|ARM64
		{09AF5053-3696-41F0-A37F-53083F56F3A6}.Debug|ARM64.Deploy.0 = Debug|ARM64
		{09AF5053-3696-41F0-A37F-53083F56F3A6}.Debug|x64.ActiveCfg = Debug|Any CPU
		{09AF5053-3696-41F0-A37F-53083F56F3A6}.Debug|x64.Build.0 = Debug|Any CPU
		{09AF5053-3696-41F0-A37F-53083F56F3A6}.Debug|x64.Deploy.0 = Debug|Any CPU
		{09AF5053-3696-41F0-A37F-53083F56F3A6}.Debug|x86.ActiveCfg = Debug|x86
		{09AF5053-3696-41F0-A37F-53083F56F3A6}.Debug|x86.Build.0 = Debug|x86
		{09AF5053-3696-41F0-A37F-53083F56F3A6}.Debug|x86.Deploy.0 = Debug|x86
		{09AF5053-3696-41F0-A37F-53083F56F3A6}.Release|Any CPU.ActiveCfg = Release|x64
		{09AF5053-3696-41F0-A37F-53083F56F3A6}.Release|Any CPU.Build.0 = Release|x64
		{09AF5053-3696-41F0-A37F-53083F56F3A6}.Release|Any CPU.Deploy.0 = Release|x64
		{09AF5053-3696-41F0-A37F-53083F56F3A6}.Release|ARM.ActiveCfg = Release|ARM
		{09AF5053-3696-41F0-A37F-53083F56F3A6}.Release|ARM.Build.0 = Release|ARM
		{09AF5053-3696-41F0-A37F-53083F56F3A6}.Release|ARM.Deploy.0 = Release|ARM
		{09AF5053-3696-41F0-A37F-53083F56F3A6}.Release|ARM64.ActiveCfg = Release|ARM64
		{09AF5053-3696-41F0-A37F-53083F56F3A6}.Release|ARM64.Build.0 = Release|ARM64
		{09AF5053-3696-41F0-A37F-53083F56F3A6}.Release|ARM64.Deploy.0 = Release|ARM64
		{09AF5053-3696-41F0-A37F-53083F56F3A6}.Release|x64.ActiveCfg = Release|x64
		{09AF5053-3696-41F0-A37F-53083F56F3A6}.Release|x64.Build.0 = Release|x64
		{09AF5053-3696-41F0-A37F-53083F56F3A6}.Release|x64.Deploy.0 = Release|x64
		{09AF5053-3696-41F0-A37F-53083F56F3A6}.Release|x86.ActiveCfg = Release|x86
		{09AF5053-3696-41F0-A37F-53083F56F3A6}.Release|x86.Build.0 = Release|x86
		{09AF5053-3696-41F0-A37F-53083F56F3A6}.Release|x86.Deploy.0 = Release|x86
		{9D41119B-FD56-49BB-B895-EE0885784A47}.Debug|Any CPU.ActiveCfg = Debug|Any CPU
		{9D41119B-FD56-49BB-B895-EE0885784A47}.Debug|Any CPU.Build.0 = Debug|Any CPU
		{9D41119B-FD56-49BB-B895-EE0885784A47}.Debug|ARM.ActiveCfg = Debug|Any CPU
		{9D41119B-FD56-49BB-B895-EE0885784A47}.Debug|ARM.Build.0 = Debug|Any CPU
		{9D41119B-FD56-49BB-B895-EE0885784A47}.Debug|ARM64.ActiveCfg = Debug|Any CPU
		{9D41119B-FD56-49BB-B895-EE0885784A47}.Debug|ARM64.Build.0 = Debug|Any CPU
		{9D41119B-FD56-49BB-B895-EE0885784A47}.Debug|x64.ActiveCfg = Debug|Any CPU
		{9D41119B-FD56-49BB-B895-EE0885784A47}.Debug|x64.Build.0 = Debug|Any CPU
		{9D41119B-FD56-49BB-B895-EE0885784A47}.Debug|x86.ActiveCfg = Debug|Any CPU
		{9D41119B-FD56-49BB-B895-EE0885784A47}.Debug|x86.Build.0 = Debug|Any CPU
		{9D41119B-FD56-49BB-B895-EE0885784A47}.Release|Any CPU.ActiveCfg = Release|Any CPU
		{9D41119B-FD56-49BB-B895-EE0885784A47}.Release|Any CPU.Build.0 = Release|Any CPU
		{9D41119B-FD56-49BB-B895-EE0885784A47}.Release|ARM.ActiveCfg = Release|Any CPU
		{9D41119B-FD56-49BB-B895-EE0885784A47}.Release|ARM.Build.0 = Release|Any CPU
		{9D41119B-FD56-49BB-B895-EE0885784A47}.Release|ARM64.ActiveCfg = Release|Any CPU
		{9D41119B-FD56-49BB-B895-EE0885784A47}.Release|ARM64.Build.0 = Release|Any CPU
		{9D41119B-FD56-49BB-B895-EE0885784A47}.Release|x64.ActiveCfg = Release|Any CPU
		{9D41119B-FD56-49BB-B895-EE0885784A47}.Release|x64.Build.0 = Release|Any CPU
		{9D41119B-FD56-49BB-B895-EE0885784A47}.Release|x86.ActiveCfg = Release|Any CPU
		{9D41119B-FD56-49BB-B895-EE0885784A47}.Release|x86.Build.0 = Release|Any CPU
	EndGlobalSection
	GlobalSection(SolutionProperties) = preSolution
		HideSolutionNode = FALSE
	EndGlobalSection
	GlobalSection(ExtensibilityGlobals) = postSolution
		SolutionGuid = {96C49D05-0E6C-49BA-88A9-E4CD4EBEE38F}
	EndGlobalSection
EndGlobal
